<?xml version="1.0" encoding="utf-8"?>
<Project ToolsVersion="4.0" xmlns="http://schemas.microsoft.com/developer/msbuild/2003">
  <ItemGroup>
    <Filter Include="Source Files">
      <UniqueIdentifier>{4FC737F1-C7A5-4376-A066-2A32D752A2FF}</UniqueIdentifier>
      <Extensions>cpp;c;cc;cxx;c++;cppm;ixx;def;odl;idl;hpj;bat;asm;asmx</Extensions>
    </Filter>
    <Filter Include="Header Files">
      <UniqueIdentifier>{93995380-89BD-4b04-88EB-625FBE52EBFB}</UniqueIdentifier>
      <Extensions>h;hh;hpp;hxx;h++;hm;inl;inc;ipp;xsd</Extensions>
    </Filter>
    <Filter Include="Resource Files">
      <UniqueIdentifier>{67DA6AB6-F800-4c08-8B7A-83BB121AAD01}</UniqueIdentifier>
      <Extensions>rc;ico;cur;bmp;dlg;rc2;rct;bin;rgs;gif;jpg;jpeg;jpe;resx;tiff;tif;png;wav;mfcribbon-ms</Extensions>
    </Filter>
    <Filter Include="Source Files\GoL">
      <UniqueIdentifier>{bdb1f5f0-e292-436b-ad6f-1b7f899056d3}</UniqueIdentifier>
    </Filter>
    <Filter Include="Source Files\CloudSim">
      <UniqueIdentifier>{e7f714cf-d06c-4874-8ac3-e3460ee2b962}</UniqueIdentifier>
    </Filter>
    <Filter Include="Source Files\JNIAPI">
      <UniqueIdentifier>{0b1eccc1-5454-497d-a534-78fa40485bce}</UniqueIdentifier>
    </Filter>
    <Filter Include="Source Files\PoC">
      <UniqueIdentifier>{7b679cd7-fd3d-4e7f-a3f7-e4cf250d48ed}</UniqueIdentifier>
    </Filter>
  </ItemGroup>
  <ItemGroup>
    <ClInclude Include="mat_utils.h">
      <Filter>Source Files</Filter>
    </ClInclude>
    <ClInclude Include="CUDAExperiment.h">
      <Filter>Source Files</Filter>
    </ClInclude>
    <ClInclude Include="CUDACA.h">
      <Filter>Header Files</Filter>
    </ClInclude>
    <ClInclude Include="GoLCCA.cuh">
      <Filter>Header Files</Filter>
    </ClInclude>
    <ClInclude Include="gpuGoLSim.cuh">
      <Filter>Source Files\PoC</Filter>
    </ClInclude>
    <ClInclude Include="GoLGPUExperiment.cuh">
      <Filter>Source Files\PoC</Filter>
    </ClInclude>
    <ClInclude Include="GoLCPUExperiment.h">
      <Filter>Source Files\PoC</Filter>
    </ClInclude>
    <ClInclude Include="cpuGoLSim.h">
      <Filter>Source Files\PoC</Filter>
    </ClInclude>
  </ItemGroup>
  <ItemGroup>
    <CudaCompile Include="GoLCCA.cu">
      <Filter>Source Files\GoL</Filter>
    </CudaCompile>
    <CudaCompile Include="GoLGPUExperiment.cu">
      <Filter>Source Files\PoC</Filter>
    </CudaCompile>
    <CudaCompile Include="GoL.cu">
      <Filter>Source Files\PoC</Filter>
    </CudaCompile>
  </ItemGroup>
  <ItemGroup>
    <ClCompile Include="TestSimLab.cpp">
      <Filter>Source Files</Filter>
    </ClCompile>
    <ClCompile Include="Cloud_JNI.cpp">
      <Filter>Source Files\CloudSim</Filter>
    </ClCompile>
    <ClCompile Include="mat_utils.cpp">
      <Filter>Source Files</Filter>
    </ClCompile>
    <ClCompile Include="CUDACA.cpp">
      <Filter>Source Files</Filter>
    </ClCompile>
    <ClCompile Include="GoLCPUExperiment.cpp">
      <Filter>Source Files\PoC</Filter>
    </ClCompile>
  </ItemGroup>
</Project>